
Microsoft Visual Studio Solution File, Format Version 12.00
# Visual Studio 15
VisualStudioVersion = 15.0.28307.1321
MinimumVisualStudioVersion = 10.0.40219.1
Project("{FAE04EC0-301F-11D3-BF4B-00C04F79EFBC}") = "Dz2", "Dz2\Dz2.csproj", "{DBF9DECD-5A7D-4B95-B9CC-7CD6B58B28DC}"
EndProject
Global
	GlobalSection(SolutionConfigurationPlatforms) = preSolution
		Debug|Any CPU = Debug|Any CPU
		Release|Any CPU = Release|Any CPU
	EndGlobalSection
	GlobalSection(ProjectConfigurationPlatforms) = postSolution
		{DBF9DECD-5A7D-4B95-B9CC-7CD6B58B28DC}.Debug|Any CPU.ActiveCfg = Debug|Any CPU
		{DBF9DECD-5A7D-4B95-B9CC-7CD6B58B28DC}.Debug|Any CPU.Build.0 = Debug|Any CPU
		{DBF9DECD-5A7D-4B95-B9CC-7CD6B58B28DC}.Release|Any CPU.ActiveCfg = Release|Any CPU
		{DBF9DECD-5A7D-4B95-B9CC-7CD6B58B28DC}.Release|Any CPU.Build.0 = Release|Any CPU
	EndGlobalSection
	GlobalSection(SolutionProperties) = preSolution
		HideSolutionNode = FALSE
	EndGlobalSection
	GlobalSection(ExtensibilityGlobals) = postSolution
		SolutionGuid = {31B04623-73D6-4D90-AE5F-33C417297A9D}
	EndGlobalSection
EndGlobal
